
Microsoft Visual Studio Solution File, Format Version 12.00
# Visual Studio Version 17
VisualStudioVersion = 17.11.35327.3
MinimumVisualStudioVersion = 10.0.40219.1
Project("{9A19103F-16F7-4668-BE54-9A1E7A4F7556}") = "TaskManager.API", "TaskManager.API\TaskManager.API.csproj", "{F5D0D298-04CF-4A77-920C-DB42A1026A41}"
EndProject
Project("{9A19103F-16F7-4668-BE54-9A1E7A4F7556}") = "TaskManager.Application", "TaskManager.Application\TaskManager.Application.csproj", "{103A3BB0-0676-4C9B-990A-155875D2B697}"
EndProject
Project("{9A19103F-16F7-4668-BE54-9A1E7A4F7556}") = "TaskManager.Domain", "TaskManager.Domain\TaskManager.Domain.csproj", "{28E76E6D-245E-4CCD-B71A-35FB71629AEA}"
EndProject
Project("{9A19103F-16F7-4668-BE54-9A1E7A4F7556}") = "TaskManager.ViewModel", "TaskManager.ViewModel\TaskManager.ViewModel.csproj", "{D58A815D-7E9E-441E-85C5-CA4A4D0BE068}"
EndProject
Project("{9A19103F-16F7-4668-BE54-9A1E7A4F7556}") = "TaskManager.Shared", "TaskManager.Shared\TaskManager.Shared.csproj", "{94696D50-E8A1-4EE9-85D8-BAE07E9E622D}"
EndProject
Project("{2150E333-8FDC-42A3-9474-1A3956D46DE8}") = "Solution Items", "Solution Items", "{F6DB2401-2C70-4E46-AF9F-FF9079AE03E2}"
EndProject
Project("{E53339B2-1760-4266-BCC7-CA923CBCF16C}") = "docker-compose", "docker-compose.dcproj", "{2616935E-9B3C-427B-841B-F4E930DED765}"
EndProject
Project("{9A19103F-16F7-4668-BE54-9A1E7A4F7556}") = "TaskManager.Infrastructure", "TaskManager.Infrastructure\TaskManager.Infrastructure.csproj", "{3EC67B71-A468-45E0-8C06-C2AE95140F41}"
EndProject
Project("{FAE04EC0-301F-11D3-BF4B-00C04F79EFBC}") = "TaskManager.UnitTest", "TaskManager.UnitTest\TaskManager.UnitTest.csproj", "{E1E630B7-0779-4D78-979A-B043D3063394}"
EndProject
Global
	GlobalSection(SolutionConfigurationPlatforms) = preSolution
		Debug|Any CPU = Debug|Any CPU
		Release|Any CPU = Release|Any CPU
	EndGlobalSection
	GlobalSection(ProjectConfigurationPlatforms) = postSolution
		{F5D0D298-04CF-4A77-920C-DB42A1026A41}.Debug|Any CPU.ActiveCfg = Debug|Any CPU
		{F5D0D298-04CF-4A77-920C-DB42A1026A41}.Debug|Any CPU.Build.0 = Debug|Any CPU
		{F5D0D298-04CF-4A77-920C-DB42A1026A41}.Release|Any CPU.ActiveCfg = Release|Any CPU
		{F5D0D298-04CF-4A77-920C-DB42A1026A41}.Release|Any CPU.Build.0 = Release|Any CPU
		{103A3BB0-0676-4C9B-990A-155875D2B697}.Debug|Any CPU.ActiveCfg = Debug|Any CPU
		{103A3BB0-0676-4C9B-990A-155875D2B697}.Debug|Any CPU.Build.0 = Debug|Any CPU
		{103A3BB0-0676-4C9B-990A-155875D2B697}.Release|Any CPU.ActiveCfg = Release|Any CPU
		{103A3BB0-0676-4C9B-990A-155875D2B697}.Release|Any CPU.Build.0 = Release|Any CPU
		{28E76E6D-245E-4CCD-B71A-35FB71629AEA}.Debug|Any CPU.ActiveCfg = Debug|Any CPU
		{28E76E6D-245E-4CCD-B71A-35FB71629AEA}.Debug|Any CPU.Build.0 = Debug|Any CPU
		{28E76E6D-245E-4CCD-B71A-35FB71629AEA}.Release|Any CPU.ActiveCfg = Release|Any CPU
		{28E76E6D-245E-4CCD-B71A-35FB71629AEA}.Release|Any CPU.Build.0 = Release|Any CPU
		{D58A815D-7E9E-441E-85C5-CA4A4D0BE068}.Debug|Any CPU.ActiveCfg = Debug|Any CPU
		{D58A815D-7E9E-441E-85C5-CA4A4D0BE068}.Debug|Any CPU.Build.0 = Debug|Any CPU
		{D58A815D-7E9E-441E-85C5-CA4A4D0BE068}.Release|Any CPU.ActiveCfg = Release|Any CPU
		{D58A815D-7E9E-441E-85C5-CA4A4D0BE068}.Release|Any CPU.Build.0 = Release|Any CPU
		{94696D50-E8A1-4EE9-85D8-BAE07E9E622D}.Debug|Any CPU.ActiveCfg = Debug|Any CPU
		{94696D50-E8A1-4EE9-85D8-BAE07E9E622D}.Debug|Any CPU.Build.0 = Debug|Any CPU
		{94696D50-E8A1-4EE9-85D8-BAE07E9E622D}.Release|Any CPU.ActiveCfg = Release|Any CPU
		{94696D50-E8A1-4EE9-85D8-BAE07E9E622D}.Release|Any CPU.Build.0 = Release|Any CPU
		{2616935E-9B3C-427B-841B-F4E930DED765}.Debug|Any CPU.ActiveCfg = Debug|Any CPU
		{2616935E-9B3C-427B-841B-F4E930DED765}.Debug|Any CPU.Build.0 = Debug|Any CPU
		{2616935E-9B3C-427B-841B-F4E930DED765}.Release|Any CPU.ActiveCfg = Release|Any CPU
		{2616935E-9B3C-427B-841B-F4E930DED765}.Release|Any CPU.Build.0 = Release|Any CPU
		{3EC67B71-A468-45E0-8C06-C2AE95140F41}.Debug|Any CPU.ActiveCfg = Debug|Any CPU
		{3EC67B71-A468-45E0-8C06-C2AE95140F41}.Debug|Any CPU.Build.0 = Debug|Any CPU
		{3EC67B71-A468-45E0-8C06-C2AE95140F41}.Release|Any CPU.ActiveCfg = Release|Any CPU
		{3EC67B71-A468-45E0-8C06-C2AE95140F41}.Release|Any CPU.Build.0 = Release|Any CPU
		{E1E630B7-0779-4D78-979A-B043D3063394}.Debug|Any CPU.ActiveCfg = Debug|Any CPU
		{E1E630B7-0779-4D78-979A-B043D3063394}.Debug|Any CPU.Build.0 = Debug|Any CPU
		{E1E630B7-0779-4D78-979A-B043D3063394}.Release|Any CPU.ActiveCfg = Release|Any CPU
		{E1E630B7-0779-4D78-979A-B043D3063394}.Release|Any CPU.Build.0 = Release|Any CPU
	EndGlobalSection
	GlobalSection(SolutionProperties) = preSolution
		HideSolutionNode = FALSE
	EndGlobalSection
	GlobalSection(ExtensibilityGlobals) = postSolution
		SolutionGuid = {8A563475-3D56-4013-9A28-CDED73B97109}
	EndGlobalSection
EndGlobal
